
Microsoft Visual Studio Solution File, Format Version 12.00
# Visual Studio 15
Project("{FAE04EC0-301F-11D3-BF4B-00C04F79EFBC}") = "Assembly-CSharp", "Assembly-CSharp.csproj", "{825412FF-F5C9-F2FA-3FBC-F95720EC0A34}"
EndProject
Project("{FAE04EC0-301F-11D3-BF4B-00C04F79EFBC}") = "Assembly-CSharp-firstpass", "Assembly-CSharp-firstpass.csproj", "{7F6DF695-1EAB-6E36-94FD-27616E85BD23}"
EndProject
Project("{FAE04EC0-301F-11D3-BF4B-00C04F79EFBC}") = "Assembly-CSharp-Editor", "Assembly-CSharp-Editor.csproj", "{C4D59E93-3388-16A7-60F2-9C4668BCA26C}"
EndProject
Global
	GlobalSection(SolutionConfigurationPlatforms) = preSolution
		Debug|Any CPU = Debug|Any CPU
		Release|Any CPU = Release|Any CPU
	EndGlobalSection
	GlobalSection(ProjectConfigurationPlatforms) = postSolution
		{825412FF-F5C9-F2FA-3FBC-F95720EC0A34}.Debug|Any CPU.ActiveCfg = Debug|Any CPU
		{825412FF-F5C9-F2FA-3FBC-F95720EC0A34}.Debug|Any CPU.Build.0 = Debug|Any CPU
		{825412FF-F5C9-F2FA-3FBC-F95720EC0A34}.Release|Any CPU.ActiveCfg = Release|Any CPU
		{825412FF-F5C9-F2FA-3FBC-F95720EC0A34}.Release|Any CPU.Build.0 = Release|Any CPU
		{7F6DF695-1EAB-6E36-94FD-27616E85BD23}.Debug|Any CPU.ActiveCfg = Debug|Any CPU
		{7F6DF695-1EAB-6E36-94FD-27616E85BD23}.Debug|Any CPU.Build.0 = Debug|Any CPU
		{7F6DF695-1EAB-6E36-94FD-27616E85BD23}.Release|Any CPU.ActiveCfg = Release|Any CPU
		{7F6DF695-1EAB-6E36-94FD-27616E85BD23}.Release|Any CPU.Build.0 = Release|Any CPU
		{C4D59E93-3388-16A7-60F2-9C4668BCA26C}.Debug|Any CPU.ActiveCfg = Debug|Any CPU
		{C4D59E93-3388-16A7-60F2-9C4668BCA26C}.Debug|Any CPU.Build.0 = Debug|Any CPU
		{C4D59E93-3388-16A7-60F2-9C4668BCA26C}.Release|Any CPU.ActiveCfg = Release|Any CPU
		{C4D59E93-3388-16A7-60F2-9C4668BCA26C}.Release|Any CPU.Build.0 = Release|Any CPU
	EndGlobalSection
	GlobalSection(SolutionProperties) = preSolution
		HideSolutionNode = FALSE
	EndGlobalSection
EndGlobal
